// !$*UTF8*$!
{
	archiveVersion = 1;
	classes = {
	};
	objectVersion = 46;
	objects = {

/* Begin PBXBuildFile section */
		407D403319A572F800566541 /* AppDelegate.swift in Sources */ = {isa = PBXBuildFile; fileRef = 407D403219A572F800566541 /* AppDelegate.swift */; };
		407D403519A572F800566541 /* ViewController.swift in Sources */ = {isa = PBXBuildFile; fileRef = 407D403419A572F800566541 /* ViewController.swift */; };
		407D403819A572F800566541 /* Main.storyboard in Resources */ = {isa = PBXBuildFile; fileRef = 407D403619A572F800566541 /* Main.storyboard */; };
		407D403A19A572F800566541 /* Images.xcassets in Resources */ = {isa = PBXBuildFile; fileRef = 407D403919A572F800566541 /* Images.xcassets */; };
		407D404619A572F800566541 /* TipsTests.swift in Sources */ = {isa = PBXBuildFile; fileRef = 407D404519A572F800566541 /* TipsTests.swift */; };
/* End PBXBuildFile section */

/* Begin PBXContainerItemProxy section */
		407D404019A572F800566541 /* PBXContainerItemProxy */ = {
			isa = PBXContainerItemProxy;
			containerPortal = 407D402519A572F800566541 /* Project object */;
			proxyType = 1;
			remoteGlobalIDString = 407D402C19A572F800566541;
			remoteInfo = Tips;
		};
/* End PBXContainerItemProxy section */

/* Begin PBXFileReference section */
		407D402D19A572F800566541 /* Tips.app */ = {isa = PBXFileReference; explicitFileType = wrapper.application; includeInIndex = 0; path = Tips.app; sourceTree = BUILT_PRODUCTS_DIR; };
		407D403119A572F800566541 /* Info.plist */ = {isa = PBXFileReference; lastKnownFileType = text.plist.xml; path = Info.plist; sourceTree = "<group>"; };
		407D403219A572F800566541 /* AppDelegate.swift */ = {isa = PBXFileReference; lastKnownFileType = sourcecode.swift; path = AppDelegate.swift; sourceTree = "<group>"; };
		407D403419A572F800566541 /* ViewController.swift */ = {isa = PBXFileReference; lastKnownFileType = sourcecode.swift; path = ViewController.swift; sourceTree = "<group>"; };
		407D403719A572F800566541 /* Base */ = {isa = PBXFileReference; lastKnownFileType = file.storyboard; name = Base; path = Base.lproj/Main.storyboard; sourceTree = "<group>"; };
		407D403919A572F800566541 /* Images.xcassets */ = {isa = PBXFileReference; lastKnownFileType = folder.assetcatalog; path = Images.xcassets; sourceTree = "<group>"; };
		407D403F19A572F800566541 /* TipsTests.xctest */ = {isa = PBXFileReference; explicitFileType = wrapper.cfbundle; includeInIndex = 0; path = TipsTests.xctest; sourceTree = BUILT_PRODUCTS_DIR; };
		407D404419A572F800566541 /* Info.plist */ = {isa = PBXFileReference; lastKnownFileType = text.plist.xml; path = Info.plist; sourceTree = "<group>"; };
		407D404519A572F800566541 /* TipsTests.swift */ = {isa = PBXFileReference; lastKnownFileType = sourcecode.swift; path = TipsTests.swift; sourceTree = "<group>"; };
/* End PBXFileReference section */

/* Begin PBXFrameworksBuildPhase section */
		407D402A19A572F800566541 /* Frameworks */ = {
			isa = PBXFrameworksBuildPhase;
			buildActionMask = 2147483647;
			files = (
			);
			runOnlyForDeploymentPostprocessing = 0;
		};
		407D403C19A572F800566541 /* Frameworks */ = {
			isa = PBXFrameworksBuildPhase;
			buildActionMask = 2147483647;
			files = (
			);
			runOnlyForDeploymentPostprocessing = 0;
		};
/* End PBXFrameworksBuildPhase section */

/* Begin PBXGroup section */
		407D402419A572F800566541 = {
			isa = PBXGroup;
			children = (
				407D402F19A572F800566541 /* Tips */,
				407D404219A572F800566541 /* TipsTests */,
				407D402E19A572F800566541 /* Products */,
			);
			sourceTree = "<group>";
		};
		407D402E19A572F800566541 /* Products */ = {
			isa = PBXGroup;
			children = (
				407D402D19A572F800566541 /* Tips.app */,
				407D403F19A572F800566541 /* TipsTests.xctest */,
			);
			name = Products;
			sourceTree = "<group>";
		};
		407D402F19A572F800566541 /* Tips */ = {
			isa = PBXGroup;
			children = (
				407D403219A572F800566541 /* AppDelegate.swift */,
				407D403419A572F800566541 /* ViewController.swift */,
				407D403619A572F800566541 /* Main.storyboard */,
				407D403919A572F800566541 /* Images.xcassets */,
				407D403019A572F800566541 /* Supporting Files */,
			);
			path = Tips;
			sourceTree = "<group>";
		};
		407D403019A572F800566541 /* Supporting Files */ = {
			isa = PBXGroup;
			children = (
				407D403119A572F800566541 /* Info.plist */,
			);
			name = "Supporting Files";
			sourceTree = "<group>";
		};
		407D404219A572F800566541 /* TipsTests */ = {
			isa = PBXGroup;
			children = (
				407D404519A572F800566541 /* TipsTests.swift */,
				407D404319A572F800566541 /* Supporting Files */,
			);
			path = TipsTests;
			sourceTree = "<group>";
		};
		407D404319A572F800566541 /* Supporting Files */ = {
			isa = PBXGroup;
			children = (
				407D404419A572F800566541 /* Info.plist */,
			);
			name = "Supporting Files";
			sourceTree = "<group>";
		};
/* End PBXGroup section */

/* Begin PBXNativeTarget section */
		407D402C19A572F800566541 /* Tips */ = {
			isa = PBXNativeTarget;
			buildConfigurationList = 407D404919A572F800566541 /* Build configuration list for PBXNativeTarget "Tips" */;
			buildPhases = (
				407D402919A572F800566541 /* Sources */,
				407D402A19A572F800566541 /* Frameworks */,
				407D402B19A572F800566541 /* Resources */,
			);
			buildRules = (
			);
			dependencies = (
			);
			name = Tips;
			productName = Tips;
			productReference = 407D402D19A572F800566541 /* Tips.app */;
			productType = "com.apple.product-type.application";
		};
		407D403E19A572F800566541 /* TipsTests */ = {
			isa = PBXNativeTarget;
			buildConfigurationList = 407D404C19A572F800566541 /* Build configuration list for PBXNativeTarget "TipsTests" */;
			buildPhases = (
				407D403B19A572F800566541 /* Sources */,
				407D403C19A572F800566541 /* Frameworks */,
				407D403D19A572F800566541 /* Resources */,
			);
			buildRules = (
			);
			dependencies = (
				407D404119A572F800566541 /* PBXTargetDependency */,
			);
			name = TipsTests;
			productName = TipsTests;
			productReference = 407D403F19A572F800566541 /* TipsTests.xctest */;
			productType = "com.apple.product-type.bundle.unit-test";
		};
/* End PBXNativeTarget section */

/* Begin PBXProject section */
		407D402519A572F800566541 /* Project object */ = {
			isa = PBXProject;
			attributes = {
				LastUpgradeCheck = 0600;
				ORGANIZATIONNAME = "Corin Nader";
				TargetAttributes = {
					407D402C19A572F800566541 = {
						CreatedOnToolsVersion = 6.0;
					};
					407D403E19A572F800566541 = {
						CreatedOnToolsVersion = 6.0;
						TestTargetID = 407D402C19A572F800566541;
					};
				};
			};
			buildConfigurationList = 407D402819A572F800566541 /* Build configuration list for PBXProject "Tips" */;
			compatibilityVersion = "Xcode 3.2";
			developmentRegion = English;
			hasScannedForEncodings = 0;
			knownRegions = (
				en,
				Base,
			);
			mainGroup = 407D402419A572F800566541;
			productRefGroup = 407D402E19A572F800566541 /* Products */;
			projectDirPath = "";
			projectRoot = "";
			targets = (
				407D402C19A572F800566541 /* Tips */,
				407D403E19A572F800566541 /* TipsTests */,
			);
		};
/* End PBXProject section */

/* Begin PBXResourcesBuildPhase section */
		407D402B19A572F800566541 /* Resources */ = {
			isa = PBXResourcesBuildPhase;
			buildActionMask = 2147483647;
			files = (
				407D403819A572F800566541 /* Main.storyboard in Resources */,
				407D403A19A572F800566541 /* Images.xcassets in Resources */,
			);
			runOnlyForDeploymentPostprocessing = 0;
		};
		407D403D19A572F800566541 /* Resources */ = {
			isa = PBXResourcesBuildPhase;
			buildActionMask = 2147483647;
			files = (
			);
			runOnlyForDeploymentPostprocessing = 0;
		};
/* End PBXResourcesBuildPhase section */

/* Begin PBXSourcesBuildPhase section */
		407D402919A572F800566541 /* Sources */ = {
			isa = PBXSourcesBuildPhase;
			buildActionMask = 2147483647;
			files = (
				407D403519A572F800566541 /* ViewController.swift in Sources */,
				407D403319A572F800566541 /* AppDelegate.swift in Sources */,
			);
			runOnlyForDeploymentPostprocessing = 0;
		};
		407D403B19A572F800566541 /* Sources */ = {
			isa = PBXSourcesBuildPhase;
			buildActionMask = 2147483647;
			files = (
				407D404619A572F800566541 /* TipsTests.swift in Sources */,
			);
			runOnlyForDeploymentPostprocessing = 0;
		};
/* End PBXSourcesBuildPhase section */

/* Begin PBXTargetDependency section */
		407D404119A572F800566541 /* PBXTargetDependency */ = {
			isa = PBXTargetDependency;
			target = 407D402C19A572F800566541 /* Tips */;
			targetProxy = 407D404019A572F800566541 /* PBXContainerItemProxy */;
		};
/* End PBXTargetDependency section */

/* Begin PBXVariantGroup section */
		407D403619A572F800566541 /* Main.storyboard */ = {
			isa = PBXVariantGroup;
			children = (
				407D403719A572F800566541 /* Base */,
			);
			name = Main.storyboard;
			sourceTree = "<group>";
		};
/* End PBXVariantGroup section */

/* Begin XCBuildConfiguration section */
		407D404719A572F800566541 /* Debug */ = {
			isa = XCBuildConfiguration;
			buildSettings = {
				ALWAYS_SEARCH_USER_PATHS = NO;
				CLANG_CXX_LANGUAGE_STANDARD = "gnu++0x";
				CLANG_CXX_LIBRARY = "libc++";
				CLANG_ENABLE_MODULES = YES;
				CLANG_ENABLE_OBJC_ARC = YES;
				CLANG_WARN_BOOL_CONVERSION = YES;
				CLANG_WARN_CONSTANT_CONVERSION = YES;
				CLANG_WARN_DIRECT_OBJC_ISA_USAGE = YES_ERROR;
				CLANG_WARN_EMPTY_BODY = YES;
				CLANG_WARN_ENUM_CONVERSION = YES;
				CLANG_WARN_INT_CONVERSION = YES;
				CLANG_WARN_OBJC_ROOT_CLASS = YES_ERROR;
				CLANG_WARN_UNREACHABLE_CODE = YES;
				CLANG_WARN__DUPLICATE_METHOD_MATCH = YES;
				"CODE_SIGN_IDENTITY[sdk=iphoneos*]" = "iPhone Developer";
				COPY_PHASE_STRIP = NO;
				ENABLE_STRICT_OBJC_MSGSEND = YES;
				GCC_C_LANGUAGE_STANDARD = gnu99;
				GCC_DYNAMIC_NO_PIC = NO;
				GCC_OPTIMIZATION_LEVEL = 0;
				GCC_PREPROCESSOR_DEFINITIONS = (
					"DEBUG=1",
					"$(inherited)",
				);
				GCC_SYMBOLS_PRIVATE_EXTERN = NO;
				GCC_WARN_64_TO_32_BIT_CONVERSION = YES;
				GCC_WARN_ABOUT_RETURN_TYPE = YES_ERROR;
				GCC_WARN_UNDECLARED_SELECTOR = YES;
				GCC_WARN_UNINITIALIZED_AUTOS = YES_AGGRESSIVE;
				GCC_WARN_UNUSED_FUNCTION = YES;
				GCC_WARN_UNUSED_VARIABLE = YES;
				IPHONEOS_DEPLOYMENT_TARGET = 8.0;
				MTL_ENABLE_DEBUG_INFO = YES;
				ONLY_ACTIVE_ARCH = YES;
				SDKROOT = iphoneos;
				SWIFT_OPTIMIZATION_LEVEL = "-Onone";
			};
			name = Debug;
		};
		407D404819A572F800566541 /* Release */ = {
			isa = XCBuildConfiguration;
			buildSettings = {
				ALWAYS_SEARCH_USER_PATHS = NO;
				CLANG_CXX_LANGUAGE_STANDARD = "gnu++0x";
				CLANG_CXX_LIBRARY = "libc++";
				CLANG_ENABLE_MODULES = YES;
				CLANG_ENABLE_OBJC_ARC = YES;
				CLANG_WARN_BOOL_CONVERSION = YES;
				CLANG_WARN_CONSTANT_CONVERSION = YES;
				CLANG_WARN_DIRECT_OBJC_ISA_USAGE = YES_ERROR;
				CLANG_WARN_EMPTY_BODY = YES;
				CLANG_WARN_ENUM_CONVERSION = YES;
				CLANG_WARN_INT_CONVERSION = YES;
				CLANG_WARN_OBJC_ROOT_CLASS = YES_ERROR;
				CLANG_WARN_UNREACHABLE_CODE = YES;
				CLANG_WARN__DUPLICATE_METHOD_MATCH = YES;
				"CODE_SIGN_IDENTITY[sdk=iphoneos*]" = "iPhone Developer";
				COPY_PHASE_STRIP = YES;
				ENABLE_NS_ASSERTIONS = NO;
				ENABLE_STRICT_OBJC_MSGSEND = YES;
				GCC_C_LANGUAGE_STANDARD = gnu99;
				GCC_WARN_64_TO_32_BIT_CONVERSION = YES;
				GCC_WARN_ABOUT_RETURN_TYPE = YES_ERROR;
				GCC_WARN_UNDECLARED_SELECTOR = YES;
				GCC_WARN_UNINITIALIZED_AUTOS = YES_AGGRESSIVE;
				GCC_WARN_UNUSED_FUNCTION = YES;
				GCC_WARN_UNUSED_VARIABLE = YES;
				IPHONEOS_DEPLOYMENT_TARGET = 8.0;
				MTL_ENABLE_DEBUG_INFO = NO;
				SDKROOT = iphoneos;
				VALIDATE_PRODUCT = YES;
			};
			name = Release;
		};
		407D404A19A572F800566541 /* Debug */ = {
			isa = XCBuildConfiguration;
			buildSettings = {
				ASSETCATALOG_COMPILER_APPICON_NAME = AppIcon;
				ASSETCATALOG_COMPILER_LAUNCHIMAGE_NAME = LaunchImage;
				INFOPLIST_FILE = Tips/Info.plist;
				LD_RUNPATH_SEARCH_PATHS = "$(inherited) @executable_path/Frameworks";
				PRODUCT_NAME = "$(TARGET_NAME)";
			};
			name = Debug;
		};
		407D404B19A572F800566541 /* Release */ = {
			isa = XCBuildConfiguration;
			buildSettings = {
				ASSETCATALOG_COMPILER_APPICON_NAME = AppIcon;
				ASSETCATALOG_COMPILER_LAUNCHIMAGE_NAME = LaunchImage;
				INFOPLIST_FILE = Tips/Info.plist;
				LD_RUNPATH_SEARCH_PATHS = "$(inherited) @executable_path/Frameworks";
				PRODUCT_NAME = "$(TARGET_NAME)";
			};
			name = Release;
		};
		407D404D19A572F800566541 /* Debug */ = {
			isa = XCBuildConfiguration;
			buildSettings = {
				BUNDLE_LOADER = "$(TEST_HOST)";
				FRAMEWORK_SEARCH_PATHS = (
					"$(SDKROOT)/Developer/Library/Frameworks",
					"$(inherited)",
				);
				GCC_PREPROCESSOR_DEFINITIONS = (
					"DEBUG=1",
					"$(inherited)",
				);
				INFOPLIST_FILE = TipsTests/Info.plist;
				LD_RUNPATH_SEARCH_PATHS = "$(inherited) @executable_path/Frameworks @loader_path/Frameworks";
				PRODUCT_NAME = "$(TARGET_NAME)";
				TEST_HOST = "$(BUILT_PRODUCTS_DIR)/Tips.app/Tips";
			};
			name = Debug;
		};
		407D404E19A572F800566541 /* Release */ = {
			isa = XCBuildConfiguration;
			buildSettings = {
				BUNDLE_LOADER = "$(TEST_HOST)";
				FRAMEWORK_SEARCH_PATHS = (
					"$(SDKROOT)/Developer/Library/Frameworks",
					"$(inherited)",
				);
				INFOPLIST_FILE = TipsTests/Info.plist;
				LD_RUNPATH_SEARCH_PATHS = "$(inherited) @executable_path/Frameworks @loader_path/Frameworks";
				PRODUCT_NAME = "$(TARGET_NAME)";
				TEST_HOST = "$(BUILT_PRODUCTS_DIR)/Tips.app/Tips";
			};
			name = Release;
		};
/* End XCBuildConfiguration section */

/* Begin XCConfigurationList section */
		407D402819A572F800566541 /* Build configuration list for PBXProject "Tips" */ = {
			isa = XCConfigurationList;
			buildConfigurations = (
				407D404719A572F800566541 /* Debug */,
				407D404819A572F800566541 /* Release */,
			);
			defaultConfigurationIsVisible = 0;
			defaultConfigurationName = Release;
		};
		407D404919A572F800566541 /* Build configuration list for PBXNativeTarget "Tips" */ = {
			isa = XCConfigurationList;
			buildConfigurations = (
				407D404A19A572F800566541 /* Debug */,
				407D404B19A572F800566541 /* Release */,
			);
			defaultConfigurationIsVisible = 0;
		};
		407D404C19A572F800566541 /* Build configuration list for PBXNativeTarget "TipsTests" */ = {
			isa = XCConfigurationList;
			buildConfigurations = (
				407D404D19A572F800566541 /* Debug */,
				407D404E19A572F800566541 /* Release */,
			);
			defaultConfigurationIsVisible = 0;
		};
/* End XCConfigurationList section */
	};
	rootObject = 407D402519A572F800566541 /* Project object */;
}
